{
  "schema": 2,
  "artifacts": {
    "darwin-arm64/26.8.15.10-lts": {
      "file": "chtypes-26.8.15.10-lts-darwin-arm64-b1790845279.tar.gz",
      "sha256": "eec0b34d810e285aba244aa3b869637f0c1fa14755d11f7f74c069571890bd43",
      "abi_revision": 6
    },
    "linux-amd64/26.8.15.10-lts": {
      "file": "chtypes-26.8.15.10-lts-linux-amd64-b1790845279.tar.gz",
      "sha256": "25182defe11b2932182bce50aec203e003f721c505cb684b9a6725eeec956a1e",
      "abi_revision": 6
    },
    "linux-arm64/26.8.15.10-lts": {
      "file": "chtypes-26.8.15.10-lts-linux-arm64-b1790845279.tar.gz",
      "sha256": "a9513cbb2aca868ffd16c97f097a530bef5dc8d5c8c11433159a882179d12254",
      "abi_revision": 6
    }
  }
}
